// !$*UTF8*$!
{
	archiveVersion = 1;
	classes = {
	};
	objectVersion = 48;
	objects = {

/* Begin PBXBuildFile section */
		4C0265A9201148730011F92C /* StepUpiOS.framework in Frameworks */ = {isa = PBXBuildFile; fileRef = 4C02659F201148730011F92C /* StepUpiOS.framework */; };
		4C0265AE201148730011F92C /* StepUpiOSTests.swift in Sources */ = {isa = PBXBuildFile; fileRef = 4C0265AD201148730011F92C /* StepUpiOSTests.swift */; };
		4C0265B0201148730011F92C /* StepUpiOS.h in Headers */ = {isa = PBXBuildFile; fileRef = 4C0265A2201148730011F92C /* StepUpiOS.h */; settings = {ATTRIBUTES = (Public, ); }; };
		4C0265DC201149B00011F92C /* ViewModelProtocol.swift in Sources */ = {isa = PBXBuildFile; fileRef = 4C0265DB201149B00011F92C /* ViewModelProtocol.swift */; };
		4C0265DF20114B0F0011F92C /* ViewModel.swift in Sources */ = {isa = PBXBuildFile; fileRef = 4C0265DE20114B0F0011F92C /* ViewModel.swift */; };
		4C257CDB2026552200AB3958 /* GenderSegmentedControl.swift in Sources */ = {isa = PBXBuildFile; fileRef = 4C257CDA2026552200AB3958 /* GenderSegmentedControl.swift */; };
		4C257CDF2026572400AB3958 /* GenderSegmentedControlTest.swift in Sources */ = {isa = PBXBuildFile; fileRef = 4C257CDE2026572300AB3958 /* GenderSegmentedControlTest.swift */; };
		4C257CE4202657DB00AB3958 /* HeightTextFieldTest.swift in Sources */ = {isa = PBXBuildFile; fileRef = 4C257CE1202657DB00AB3958 /* HeightTextFieldTest.swift */; };
		4C257CE5202657DB00AB3958 /* DobTextFieldTest.swift in Sources */ = {isa = PBXBuildFile; fileRef = 4C257CE2202657DB00AB3958 /* DobTextFieldTest.swift */; };
		4C257CE6202657DB00AB3958 /* PasswordTextFieldTest.swift in Sources */ = {isa = PBXBuildFile; fileRef = 4C257CE3202657DB00AB3958 /* PasswordTextFieldTest.swift */; };
		4C257CEA2026588D00AB3958 /* DobTextField.swift in Sources */ = {isa = PBXBuildFile; fileRef = 4C257CE72026588D00AB3958 /* DobTextField.swift */; };
		4C257CEB2026588D00AB3958 /* HeightTextField.swift in Sources */ = {isa = PBXBuildFile; fileRef = 4C257CE82026588D00AB3958 /* HeightTextField.swift */; };
		4C257CEC2026588D00AB3958 /* PasswordTextField.swift in Sources */ = {isa = PBXBuildFile; fileRef = 4C257CE92026588D00AB3958 /* PasswordTextField.swift */; };
		4C257CEF20265ADD00AB3958 /* UIPickerViewExtension.swift in Sources */ = {isa = PBXBuildFile; fileRef = 4C257CEE20265ADD00AB3958 /* UIPickerViewExtension.swift */; };
		4C257CF120266BB600AB3958 /* ControlValueProtocol.swift in Sources */ = {isa = PBXBuildFile; fileRef = 4C257CF020266BB600AB3958 /* ControlValueProtocol.swift */; };
		4C257CF32026750F00AB3958 /* HeightPicker.swift in Sources */ = {isa = PBXBuildFile; fileRef = 4C257CF22026750F00AB3958 /* HeightPicker.swift */; };
		4C335B93202A7822008665A3 /* BaseValidation.swift in Sources */ = {isa = PBXBuildFile; fileRef = 4C335B92202A7821008665A3 /* BaseValidation.swift */; };
		4C3774A0202A4653007669FA /* ValidationProtocol.swift in Sources */ = {isa = PBXBuildFile; fileRef = 4C37749F202A4653007669FA /* ValidationProtocol.swift */; };
		4C3774A2202A4751007669FA /* IsEmptyValidation.swift in Sources */ = {isa = PBXBuildFile; fileRef = 4C3774A1202A4751007669FA /* IsEmptyValidation.swift */; };
		4C3774A5202A49FF007669FA /* IsEmptyValidationTest.swift in Sources */ = {isa = PBXBuildFile; fileRef = 4C3774A4202A49FF007669FA /* IsEmptyValidationTest.swift */; };
		4C3774A7202A4B28007669FA /* EmailAddressValidation.swift in Sources */ = {isa = PBXBuildFile; fileRef = 4C3774A6202A4B28007669FA /* EmailAddressValidation.swift */; };
		4C3774A9202A4E7A007669FA /* EmailAddressValidationTest.swift in Sources */ = {isa = PBXBuildFile; fileRef = 4C3774A8202A4E7A007669FA /* EmailAddressValidationTest.swift */; };
		4C3774AB202A4FDE007669FA /* DateOfBirthValidation.swift in Sources */ = {isa = PBXBuildFile; fileRef = 4C3774AA202A4FDE007669FA /* DateOfBirthValidation.swift */; };
		4C3774AD202A515C007669FA /* DateOfBirthValidationTest.swift in Sources */ = {isa = PBXBuildFile; fileRef = 4C3774AC202A515C007669FA /* DateOfBirthValidationTest.swift */; };
		4C3774AF202A5882007669FA /* ControlValidationProtocol.swift in Sources */ = {isa = PBXBuildFile; fileRef = 4C3774AE202A5882007669FA /* ControlValidationProtocol.swift */; };
		4C3774B1202A59E8007669FA /* ControlValidationProtocolExtension.swift in Sources */ = {isa = PBXBuildFile; fileRef = 4C3774B0202A59E8007669FA /* ControlValidationProtocolExtension.swift */; };
		4C3774B3202A636C007669FA /* FormValidationProtocol.swift in Sources */ = {isa = PBXBuildFile; fileRef = 4C3774B2202A636C007669FA /* FormValidationProtocol.swift */; };
		4C3774B5202A64C4007669FA /* FormValidationProtocolExtension.swift in Sources */ = {isa = PBXBuildFile; fileRef = 4C3774B4202A64C4007669FA /* FormValidationProtocolExtension.swift */; };
		4C37BE6C2028F01B00C98EA0 /* HeightPickerTest.swift in Sources */ = {isa = PBXBuildFile; fileRef = 4C37BE6B2028F01B00C98EA0 /* HeightPickerTest.swift */; };
		4C37BE702028F59800C98EA0 /* HeightConverter.swift in Sources */ = {isa = PBXBuildFile; fileRef = 4C37BE6F2028F59800C98EA0 /* HeightConverter.swift */; };
		4C37BE722028F5A100C98EA0 /* ValueConverterHelperTest.swift in Sources */ = {isa = PBXBuildFile; fileRef = 4C37BE712028F5A100C98EA0 /* ValueConverterHelperTest.swift */; };
		4C37BE742028FAE300C98EA0 /* NSNumberExtension.swift in Sources */ = {isa = PBXBuildFile; fileRef = 4C37BE732028FAE300C98EA0 /* NSNumberExtension.swift */; };
		4C659331202B97D4004D8AA6 /* PasswordValidation.swift in Sources */ = {isa = PBXBuildFile; fileRef = 4C659330202B97D4004D8AA6 /* PasswordValidation.swift */; };
		4C659335202BA3DB004D8AA6 /* ConfirmPasswordValidation.swift in Sources */ = {isa = PBXBuildFile; fileRef = 4C659334202BA3DB004D8AA6 /* ConfirmPasswordValidation.swift */; };
		4C659337202BA587004D8AA6 /* ConfirmPasswordValidationTest.swift in Sources */ = {isa = PBXBuildFile; fileRef = 4C659336202BA587004D8AA6 /* ConfirmPasswordValidationTest.swift */; };
		4C727EA220139F0C00F501ED /* ApiRequest.swift in Sources */ = {isa = PBXBuildFile; fileRef = 4C727EA120139F0C00F501ED /* ApiRequest.swift */; };
		4C727EA420139F5C00F501ED /* ApiRequestProtocol.swift in Sources */ = {isa = PBXBuildFile; fileRef = 4C727EA320139F5C00F501ED /* ApiRequestProtocol.swift */; };
		4C727EAA2013BD0800F501ED /* ApiRequestOptions.swift in Sources */ = {isa = PBXBuildFile; fileRef = 4C727EA92013BD0800F501ED /* ApiRequestOptions.swift */; };
		4C727EB72014CA7400F501ED /* DateExtension.swift in Sources */ = {isa = PBXBuildFile; fileRef = 4C727EB62014CA7400F501ED /* DateExtension.swift */; };
		4C7939A020118F0B00267FAE /* WorkingView.xib in Resources */ = {isa = PBXBuildFile; fileRef = 4C79399E20118F0B00267FAE /* WorkingView.xib */; };
		4C7939A120118F0C00267FAE /* WorkingViewController.swift in Sources */ = {isa = PBXBuildFile; fileRef = 4C79399F20118F0B00267FAE /* WorkingViewController.swift */; };
		4C8CBBF02027A5B20032C3BA /* KeyboardInputNavigationControl.swift in Sources */ = {isa = PBXBuildFile; fileRef = 4C8CBBEF2027A5B20032C3BA /* KeyboardInputNavigationControl.swift */; };
		4C8CBBF22027A6410032C3BA /* KeyboardInputNavigationControl.xib in Resources */ = {isa = PBXBuildFile; fileRef = 4C8CBBF12027A6410032C3BA /* KeyboardInputNavigationControl.xib */; };
		4C8E69852017E40B00F0214B /* UINavigationBarExtension.swift in Sources */ = {isa = PBXBuildFile; fileRef = 4C8E69842017E40B00F0214B /* UINavigationBarExtension.swift */; };
		4C8E69882017EBF600F0214B /* UINavigationControllerExtension.swift in Sources */ = {isa = PBXBuildFile; fileRef = 4C8E69872017EBF600F0214B /* UINavigationControllerExtension.swift */; };
		4C96E43020167F3A00D95877 /* DateExtensionTest.swift in Sources */ = {isa = PBXBuildFile; fileRef = 4C96E42F20167F3A00D95877 /* DateExtensionTest.swift */; };
		4C96E43820168E2000D95877 /* ImageTextField.swift in Sources */ = {isa = PBXBuildFile; fileRef = 4C96E43720168E2000D95877 /* ImageTextField.swift */; };
		4C96E43A2016903E00D95877 /* Constants.swift in Sources */ = {isa = PBXBuildFile; fileRef = 4C96E4392016903E00D95877 /* Constants.swift */; };
		4C96E43C201690DE00D95877 /* StringExtension.swift in Sources */ = {isa = PBXBuildFile; fileRef = 4C96E43B201690DE00D95877 /* StringExtension.swift */; };
		4C96E4682016AC0000D95877 /* UIColorExtension.swift in Sources */ = {isa = PBXBuildFile; fileRef = 4C96E4672016AC0000D95877 /* UIColorExtension.swift */; };
		4CA7397320117CEF0087DC4E /* UIButtonExtension.swift in Sources */ = {isa = PBXBuildFile; fileRef = 4CA7397220117CEF0087DC4E /* UIButtonExtension.swift */; };
		4CA87E7420115EAC00728EC6 /* ImageButton.swift in Sources */ = {isa = PBXBuildFile; fileRef = 4CA87E7320115EAC00728EC6 /* ImageButton.swift */; };
		4CCB734C201D434600E57AE5 /* Logger.swift in Sources */ = {isa = PBXBuildFile; fileRef = 4CCB734B201D434600E57AE5 /* Logger.swift */; };
/* End PBXBuildFile section */

/* Begin PBXContainerItemProxy section */
		4C0265AA201148730011F92C /* PBXContainerItemProxy */ = {
			isa = PBXContainerItemProxy;
			containerPortal = 4C026596201148730011F92C /* Project object */;
			proxyType = 1;
			remoteGlobalIDString = 4C02659E201148730011F92C;
			remoteInfo = StepUpiOS;
		};
/* End PBXContainerItemProxy section */

/* Begin PBXFileReference section */
		4C02659F201148730011F92C /* StepUpiOS.framework */ = {isa = PBXFileReference; explicitFileType = wrapper.framework; includeInIndex = 0; path = StepUpiOS.framework; sourceTree = BUILT_PRODUCTS_DIR; };
		4C0265A2201148730011F92C /* StepUpiOS.h */ = {isa = PBXFileReference; lastKnownFileType = sourcecode.c.h; path = StepUpiOS.h; sourceTree = "<group>"; };
		4C0265A3201148730011F92C /* Info.plist */ = {isa = PBXFileReference; lastKnownFileType = text.plist.xml; path = Info.plist; sourceTree = "<group>"; };
		4C0265A8201148730011F92C /* StepUpiOSTests.xctest */ = {isa = PBXFileReference; explicitFileType = wrapper.cfbundle; includeInIndex = 0; path = StepUpiOSTests.xctest; sourceTree = BUILT_PRODUCTS_DIR; };
		4C0265AD201148730011F92C /* StepUpiOSTests.swift */ = {isa = PBXFileReference; lastKnownFileType = sourcecode.swift; path = StepUpiOSTests.swift; sourceTree = "<group>"; };
		4C0265AF201148730011F92C /* Info.plist */ = {isa = PBXFileReference; lastKnownFileType = text.plist.xml; path = Info.plist; sourceTree = "<group>"; };
		4C0265DB201149B00011F92C /* ViewModelProtocol.swift */ = {isa = PBXFileReference; lastKnownFileType = sourcecode.swift; path = ViewModelProtocol.swift; sourceTree = "<group>"; };
		4C0265DE20114B0F0011F92C /* ViewModel.swift */ = {isa = PBXFileReference; lastKnownFileType = sourcecode.swift; path = ViewModel.swift; sourceTree = "<group>"; };
		4C257CDA2026552200AB3958 /* GenderSegmentedControl.swift */ = {isa = PBXFileReference; fileEncoding = 4; lastKnownFileType = sourcecode.swift; path = GenderSegmentedControl.swift; sourceTree = "<group>"; };
		4C257CDE2026572300AB3958 /* GenderSegmentedControlTest.swift */ = {isa = PBXFileReference; fileEncoding = 4; lastKnownFileType = sourcecode.swift; path = GenderSegmentedControlTest.swift; sourceTree = "<group>"; };
		4C257CE1202657DB00AB3958 /* HeightTextFieldTest.swift */ = {isa = PBXFileReference; fileEncoding = 4; lastKnownFileType = sourcecode.swift; path = HeightTextFieldTest.swift; sourceTree = "<group>"; };
		4C257CE2202657DB00AB3958 /* DobTextFieldTest.swift */ = {isa = PBXFileReference; fileEncoding = 4; lastKnownFileType = sourcecode.swift; path = DobTextFieldTest.swift; sourceTree = "<group>"; };
		4C257CE3202657DB00AB3958 /* PasswordTextFieldTest.swift */ = {isa = PBXFileReference; fileEncoding = 4; lastKnownFileType = sourcecode.swift; path = PasswordTextFieldTest.swift; sourceTree = "<group>"; };
		4C257CE72026588D00AB3958 /* DobTextField.swift */ = {isa = PBXFileReference; fileEncoding = 4; lastKnownFileType = sourcecode.swift; path = DobTextField.swift; sourceTree = "<group>"; };
		4C257CE82026588D00AB3958 /* HeightTextField.swift */ = {isa = PBXFileReference; fileEncoding = 4; lastKnownFileType = sourcecode.swift; path = HeightTextField.swift; sourceTree = "<group>"; };
		4C257CE92026588D00AB3958 /* PasswordTextField.swift */ = {isa = PBXFileReference; fileEncoding = 4; lastKnownFileType = sourcecode.swift; path = PasswordTextField.swift; sourceTree = "<group>"; };
		4C257CEE20265ADD00AB3958 /* UIPickerViewExtension.swift */ = {isa = PBXFileReference; lastKnownFileType = sourcecode.swift; path = UIPickerViewExtension.swift; sourceTree = "<group>"; };
		4C257CF020266BB600AB3958 /* ControlValueProtocol.swift */ = {isa = PBXFileReference; lastKnownFileType = sourcecode.swift; path = ControlValueProtocol.swift; sourceTree = "<group>"; };
		4C257CF22026750F00AB3958 /* HeightPicker.swift */ = {isa = PBXFileReference; fileEncoding = 4; lastKnownFileType = sourcecode.swift; path = HeightPicker.swift; sourceTree = "<group>"; };
		4C335B92202A7821008665A3 /* BaseValidation.swift */ = {isa = PBXFileReference; lastKnownFileType = sourcecode.swift; path = BaseValidation.swift; sourceTree = "<group>"; };
		4C37749F202A4653007669FA /* ValidationProtocol.swift */ = {isa = PBXFileReference; lastKnownFileType = sourcecode.swift; path = ValidationProtocol.swift; sourceTree = "<group>"; };
		4C3774A1202A4751007669FA /* IsEmptyValidation.swift */ = {isa = PBXFileReference; lastKnownFileType = sourcecode.swift; path = IsEmptyValidation.swift; sourceTree = "<group>"; };
		4C3774A4202A49FF007669FA /* IsEmptyValidationTest.swift */ = {isa = PBXFileReference; lastKnownFileType = sourcecode.swift; path = IsEmptyValidationTest.swift; sourceTree = "<group>"; };
		4C3774A6202A4B28007669FA /* EmailAddressValidation.swift */ = {isa = PBXFileReference; lastKnownFileType = sourcecode.swift; path = EmailAddressValidation.swift; sourceTree = "<group>"; };
		4C3774A8202A4E7A007669FA /* EmailAddressValidationTest.swift */ = {isa = PBXFileReference; lastKnownFileType = sourcecode.swift; path = EmailAddressValidationTest.swift; sourceTree = "<group>"; };
		4C3774AA202A4FDE007669FA /* DateOfBirthValidation.swift */ = {isa = PBXFileReference; lastKnownFileType = sourcecode.swift; path = DateOfBirthValidation.swift; sourceTree = "<group>"; };
		4C3774AC202A515C007669FA /* DateOfBirthValidationTest.swift */ = {isa = PBXFileReference; lastKnownFileType = sourcecode.swift; path = DateOfBirthValidationTest.swift; sourceTree = "<group>"; };
		4C3774AE202A5882007669FA /* ControlValidationProtocol.swift */ = {isa = PBXFileReference; lastKnownFileType = sourcecode.swift; path = ControlValidationProtocol.swift; sourceTree = "<group>"; };
		4C3774B0202A59E8007669FA /* ControlValidationProtocolExtension.swift */ = {isa = PBXFileReference; lastKnownFileType = sourcecode.swift; path = ControlValidationProtocolExtension.swift; sourceTree = "<group>"; };
		4C3774B2202A636C007669FA /* FormValidationProtocol.swift */ = {isa = PBXFileReference; lastKnownFileType = sourcecode.swift; path = FormValidationProtocol.swift; sourceTree = "<group>"; };
		4C3774B4202A64C4007669FA /* FormValidationProtocolExtension.swift */ = {isa = PBXFileReference; lastKnownFileType = sourcecode.swift; path = FormValidationProtocolExtension.swift; sourceTree = "<group>"; };
		4C37BE6B2028F01B00C98EA0 /* HeightPickerTest.swift */ = {isa = PBXFileReference; lastKnownFileType = sourcecode.swift; path = HeightPickerTest.swift; sourceTree = "<group>"; };
		4C37BE6F2028F59800C98EA0 /* HeightConverter.swift */ = {isa = PBXFileReference; fileEncoding = 4; lastKnownFileType = sourcecode.swift; path = HeightConverter.swift; sourceTree = "<group>"; };
		4C37BE712028F5A100C98EA0 /* ValueConverterHelperTest.swift */ = {isa = PBXFileReference; fileEncoding = 4; lastKnownFileType = sourcecode.swift; path = ValueConverterHelperTest.swift; sourceTree = "<group>"; };
		4C37BE732028FAE300C98EA0 /* NSNumberExtension.swift */ = {isa = PBXFileReference; lastKnownFileType = sourcecode.swift; path = NSNumberExtension.swift; sourceTree = "<group>"; };
		4C659330202B97D4004D8AA6 /* PasswordValidation.swift */ = {isa = PBXFileReference; lastKnownFileType = sourcecode.swift; path = PasswordValidation.swift; sourceTree = "<group>"; };
		4C659334202BA3DB004D8AA6 /* ConfirmPasswordValidation.swift */ = {isa = PBXFileReference; lastKnownFileType = sourcecode.swift; path = ConfirmPasswordValidation.swift; sourceTree = "<group>"; };
		4C659336202BA587004D8AA6 /* ConfirmPasswordValidationTest.swift */ = {isa = PBXFileReference; lastKnownFileType = sourcecode.swift; path = ConfirmPasswordValidationTest.swift; sourceTree = "<group>"; };
		4C727EA120139F0C00F501ED /* ApiRequest.swift */ = {isa = PBXFileReference; lastKnownFileType = sourcecode.swift; path = ApiRequest.swift; sourceTree = "<group>"; };
		4C727EA320139F5C00F501ED /* ApiRequestProtocol.swift */ = {isa = PBXFileReference; lastKnownFileType = sourcecode.swift; path = ApiRequestProtocol.swift; sourceTree = "<group>"; };
		4C727EA92013BD0800F501ED /* ApiRequestOptions.swift */ = {isa = PBXFileReference; lastKnownFileType = sourcecode.swift; path = ApiRequestOptions.swift; sourceTree = "<group>"; };
		4C727EB62014CA7400F501ED /* DateExtension.swift */ = {isa = PBXFileReference; lastKnownFileType = sourcecode.swift; path = DateExtension.swift; sourceTree = "<group>"; };
		4C79399E20118F0B00267FAE /* WorkingView.xib */ = {isa = PBXFileReference; fileEncoding = 4; lastKnownFileType = file.xib; path = WorkingView.xib; sourceTree = "<group>"; };
		4C79399F20118F0B00267FAE /* WorkingViewController.swift */ = {isa = PBXFileReference; fileEncoding = 4; lastKnownFileType = sourcecode.swift; path = WorkingViewController.swift; sourceTree = "<group>"; };
		4C8CBBEF2027A5B20032C3BA /* KeyboardInputNavigationControl.swift */ = {isa = PBXFileReference; fileEncoding = 4; lastKnownFileType = sourcecode.swift; path = KeyboardInputNavigationControl.swift; sourceTree = "<group>"; };
		4C8CBBF12027A6410032C3BA /* KeyboardInputNavigationControl.xib */ = {isa = PBXFileReference; fileEncoding = 4; lastKnownFileType = file.xib; path = KeyboardInputNavigationControl.xib; sourceTree = "<group>"; };
		4C8E69842017E40B00F0214B /* UINavigationBarExtension.swift */ = {isa = PBXFileReference; lastKnownFileType = sourcecode.swift; path = UINavigationBarExtension.swift; sourceTree = "<group>"; };
		4C8E69872017EBF600F0214B /* UINavigationControllerExtension.swift */ = {isa = PBXFileReference; lastKnownFileType = sourcecode.swift; path = UINavigationControllerExtension.swift; sourceTree = "<group>"; };
		4C96E42F20167F3A00D95877 /* DateExtensionTest.swift */ = {isa = PBXFileReference; lastKnownFileType = sourcecode.swift; path = DateExtensionTest.swift; sourceTree = "<group>"; };
		4C96E43720168E2000D95877 /* ImageTextField.swift */ = {isa = PBXFileReference; lastKnownFileType = sourcecode.swift; path = ImageTextField.swift; sourceTree = "<group>"; };
		4C96E4392016903E00D95877 /* Constants.swift */ = {isa = PBXFileReference; lastKnownFileType = sourcecode.swift; path = Constants.swift; sourceTree = "<group>"; };
		4C96E43B201690DE00D95877 /* StringExtension.swift */ = {isa = PBXFileReference; lastKnownFileType = sourcecode.swift; path = StringExtension.swift; sourceTree = "<group>"; };
		4C96E4672016AC0000D95877 /* UIColorExtension.swift */ = {isa = PBXFileReference; fileEncoding = 4; lastKnownFileType = sourcecode.swift; path = UIColorExtension.swift; sourceTree = "<group>"; };
		4CA7397220117CEF0087DC4E /* UIButtonExtension.swift */ = {isa = PBXFileReference; lastKnownFileType = sourcecode.swift; path = UIButtonExtension.swift; sourceTree = "<group>"; };
		4CA87E7320115EAC00728EC6 /* ImageButton.swift */ = {isa = PBXFileReference; lastKnownFileType = sourcecode.swift; path = ImageButton.swift; sourceTree = "<group>"; };
		4CCB734B201D434600E57AE5 /* Logger.swift */ = {isa = PBXFileReference; lastKnownFileType = sourcecode.swift; path = Logger.swift; sourceTree = "<group>"; };
/* End PBXFileReference section */

/* Begin PBXFrameworksBuildPhase section */
		4C02659B201148730011F92C /* Frameworks */ = {
			isa = PBXFrameworksBuildPhase;
			buildActionMask = 2147483647;
			files = (
			);
			runOnlyForDeploymentPostprocessing = 0;
		};
		4C0265A5201148730011F92C /* Frameworks */ = {
			isa = PBXFrameworksBuildPhase;
			buildActionMask = 2147483647;
			files = (
				4C0265A9201148730011F92C /* StepUpiOS.framework in Frameworks */,
			);
			runOnlyForDeploymentPostprocessing = 0;
		};
/* End PBXFrameworksBuildPhase section */

/* Begin PBXGroup section */
		4C026595201148730011F92C = {
			isa = PBXGroup;
			children = (
				4C0265A1201148730011F92C /* StepUpiOS */,
				4C0265AC201148730011F92C /* StepUpiOSTests */,
				4C0265A0201148730011F92C /* Products */,
			);
			sourceTree = "<group>";
		};
		4C0265A0201148730011F92C /* Products */ = {
			isa = PBXGroup;
			children = (
				4C02659F201148730011F92C /* StepUpiOS.framework */,
				4C0265A8201148730011F92C /* StepUpiOSTests.xctest */,
			);
			name = Products;
			sourceTree = "<group>";
		};
		4C0265A1201148730011F92C /* StepUpiOS */ = {
			isa = PBXGroup;
			children = (
				4C37749E202A4536007669FA /* Validations */,
				4CA87E7120115E9000728EC6 /* Controls */,
				4C37BE6D2028F54600C98EA0 /* Converters */,
				4CA7397120117CA70087DC4E /* Extensions */,
				4CCB734A201D432A00E57AE5 /* Logger */,
				4CA87E6E2011568D00728EC6 /* Networking */,
				4C0265DD20114A850011F92C /* Presentation */,
				4C0265DA2011498A0011F92C /* Protocols */,
				4C96E4392016903E00D95877 /* Constants.swift */,
				4C0265A3201148730011F92C /* Info.plist */,
				4C0265A2201148730011F92C /* StepUpiOS.h */,
			);
			path = StepUpiOS;
			sourceTree = "<group>";
		};
		4C0265AC201148730011F92C /* StepUpiOSTests */ = {
			isa = PBXGroup;
			children = (
				4C3774A3202A49EE007669FA /* Validations */,
				4C37BE6E2028F58900C98EA0 /* Converters */,
				4C257CDC202656FF00AB3958 /* Controls */,
				4C96E42E20167F2A00D95877 /* Extensions */,
				4C0265AD201148730011F92C /* StepUpiOSTests.swift */,
				4C0265AF201148730011F92C /* Info.plist */,
			);
			path = StepUpiOSTests;
			sourceTree = "<group>";
		};
		4C0265DA2011498A0011F92C /* Protocols */ = {
			isa = PBXGroup;
			children = (
				4C0265DB201149B00011F92C /* ViewModelProtocol.swift */,
				4C727EA320139F5C00F501ED /* ApiRequestProtocol.swift */,
				4C257CF020266BB600AB3958 /* ControlValueProtocol.swift */,
				4C37749F202A4653007669FA /* ValidationProtocol.swift */,
				4C3774AE202A5882007669FA /* ControlValidationProtocol.swift */,
				4C3774B2202A636C007669FA /* FormValidationProtocol.swift */,
			);
			path = Protocols;
			sourceTree = "<group>";
		};
		4C0265DD20114A850011F92C /* Presentation */ = {
			isa = PBXGroup;
			children = (
				4C0265DE20114B0F0011F92C /* ViewModel.swift */,
			);
			path = Presentation;
			sourceTree = "<group>";
		};
		4C257CD9202654F700AB3958 /* SegmentedControls */ = {
			isa = PBXGroup;
			children = (
				4C257CDA2026552200AB3958 /* GenderSegmentedControl.swift */,
			);
			path = SegmentedControls;
			sourceTree = "<group>";
		};
		4C257CDC202656FF00AB3958 /* Controls */ = {
			isa = PBXGroup;
			children = (
				4C37BE6A2028EFE900C98EA0 /* Pickers */,
				4C257CE0202657C000AB3958 /* Textfields */,
				4C257CDD2026570500AB3958 /* SegmentedControls */,
			);
			path = Controls;
			sourceTree = "<group>";
		};
		4C257CDD2026570500AB3958 /* SegmentedControls */ = {
			isa = PBXGroup;
			children = (
				4C257CDE2026572300AB3958 /* GenderSegmentedControlTest.swift */,
			);
			path = SegmentedControls;
			sourceTree = "<group>";
		};
		4C257CE0202657C000AB3958 /* Textfields */ = {
			isa = PBXGroup;
			children = (
				4C257CE2202657DB00AB3958 /* DobTextFieldTest.swift */,
				4C257CE1202657DB00AB3958 /* HeightTextFieldTest.swift */,
				4C257CE3202657DB00AB3958 /* PasswordTextFieldTest.swift */,
			);
			path = Textfields;
			sourceTree = "<group>";
		};
		4C257CED20265A7E00AB3958 /* Pickers */ = {
			isa = PBXGroup;
			children = (
				4C257CF22026750F00AB3958 /* HeightPicker.swift */,
			);
			path = Pickers;
			sourceTree = "<group>";
		};
		4C37749E202A4536007669FA /* Validations */ = {
			isa = PBXGroup;
			children = (
				4C335B92202A7821008665A3 /* BaseValidation.swift */,
				4C3774A1202A4751007669FA /* IsEmptyValidation.swift */,
				4C3774A6202A4B28007669FA /* EmailAddressValidation.swift */,
				4C3774AA202A4FDE007669FA /* DateOfBirthValidation.swift */,
				4C659330202B97D4004D8AA6 /* PasswordValidation.swift */,
				4C659334202BA3DB004D8AA6 /* ConfirmPasswordValidation.swift */,
			);
			path = Validations;
			sourceTree = "<group>";
		};
		4C3774A3202A49EE007669FA /* Validations */ = {
			isa = PBXGroup;
			children = (
				4C3774A4202A49FF007669FA /* IsEmptyValidationTest.swift */,
				4C3774A8202A4E7A007669FA /* EmailAddressValidationTest.swift */,
				4C3774AC202A515C007669FA /* DateOfBirthValidationTest.swift */,
				4C659336202BA587004D8AA6 /* ConfirmPasswordValidationTest.swift */,
			);
			path = Validations;
			sourceTree = "<group>";
		};
		4C37BE6A2028EFE900C98EA0 /* Pickers */ = {
			isa = PBXGroup;
			children = (
				4C37BE6B2028F01B00C98EA0 /* HeightPickerTest.swift */,
			);
			path = Pickers;
			sourceTree = "<group>";
		};
		4C37BE6D2028F54600C98EA0 /* Converters */ = {
			isa = PBXGroup;
			children = (
				4C37BE6F2028F59800C98EA0 /* HeightConverter.swift */,
			);
			path = Converters;
			sourceTree = "<group>";
		};
		4C37BE6E2028F58900C98EA0 /* Converters */ = {
			isa = PBXGroup;
			children = (
				4C37BE712028F5A100C98EA0 /* ValueConverterHelperTest.swift */,
			);
			path = Converters;
			sourceTree = "<group>";
		};
		4C7939992011828700267FAE /* ViewControllers */ = {
			isa = PBXGroup;
			children = (
				4C79399F20118F0B00267FAE /* WorkingViewController.swift */,
				4C79399E20118F0B00267FAE /* WorkingView.xib */,
			);
			path = ViewControllers;
			sourceTree = "<group>";
		};
		4C8CBBEE2027A5900032C3BA /* KeyboardInputs */ = {
			isa = PBXGroup;
			children = (
				4C8CBBEF2027A5B20032C3BA /* KeyboardInputNavigationControl.swift */,
				4C8CBBF12027A6410032C3BA /* KeyboardInputNavigationControl.xib */,
			);
			path = KeyboardInputs;
			sourceTree = "<group>";
		};
		4C96E42E20167F2A00D95877 /* Extensions */ = {
			isa = PBXGroup;
			children = (
				4C96E42F20167F3A00D95877 /* DateExtensionTest.swift */,
			);
			path = Extensions;
			sourceTree = "<group>";
		};
		4C96E43620168E0C00D95877 /* Textfields */ = {
			isa = PBXGroup;
			children = (
				4C257CE72026588D00AB3958 /* DobTextField.swift */,
				4C257CE82026588D00AB3958 /* HeightTextField.swift */,
				4C257CE92026588D00AB3958 /* PasswordTextField.swift */,
				4C96E43720168E2000D95877 /* ImageTextField.swift */,
			);
			path = Textfields;
			sourceTree = "<group>";
		};
		4CA7397120117CA70087DC4E /* Extensions */ = {
			isa = PBXGroup;
			children = (
				4C96E4672016AC0000D95877 /* UIColorExtension.swift */,
				4CA7397220117CEF0087DC4E /* UIButtonExtension.swift */,
				4C727EB62014CA7400F501ED /* DateExtension.swift */,
				4C96E43B201690DE00D95877 /* StringExtension.swift */,
				4C8E69842017E40B00F0214B /* UINavigationBarExtension.swift */,
				4C8E69872017EBF600F0214B /* UINavigationControllerExtension.swift */,
				4C257CEE20265ADD00AB3958 /* UIPickerViewExtension.swift */,
				4C37BE732028FAE300C98EA0 /* NSNumberExtension.swift */,
				4C3774B0202A59E8007669FA /* ControlValidationProtocolExtension.swift */,
				4C3774B4202A64C4007669FA /* FormValidationProtocolExtension.swift */,
			);
			path = Extensions;
			sourceTree = "<group>";
		};
		4CA87E6E2011568D00728EC6 /* Networking */ = {
			isa = PBXGroup;
			children = (
				4C727EA120139F0C00F501ED /* ApiRequest.swift */,
				4C727EA92013BD0800F501ED /* ApiRequestOptions.swift */,
			);
			path = Networking;
			sourceTree = "<group>";
		};
		4CA87E7120115E9000728EC6 /* Controls */ = {
			isa = PBXGroup;
			children = (
				4C8CBBEE2027A5900032C3BA /* KeyboardInputs */,
				4C257CED20265A7E00AB3958 /* Pickers */,
				4C257CD9202654F700AB3958 /* SegmentedControls */,
				4C96E43620168E0C00D95877 /* Textfields */,
				4C7939992011828700267FAE /* ViewControllers */,
				4CA87E7220115E9C00728EC6 /* Buttons */,
			);
			path = Controls;
			sourceTree = "<group>";
		};
		4CA87E7220115E9C00728EC6 /* Buttons */ = {
			isa = PBXGroup;
			children = (
				4CA87E7320115EAC00728EC6 /* ImageButton.swift */,
			);
			path = Buttons;
			sourceTree = "<group>";
		};
		4CCB734A201D432A00E57AE5 /* Logger */ = {
			isa = PBXGroup;
			children = (
				4CCB734B201D434600E57AE5 /* Logger.swift */,
			);
			path = Logger;
			sourceTree = "<group>";
		};
/* End PBXGroup section */

/* Begin PBXHeadersBuildPhase section */
		4C02659C201148730011F92C /* Headers */ = {
			isa = PBXHeadersBuildPhase;
			buildActionMask = 2147483647;
			files = (
				4C0265B0201148730011F92C /* StepUpiOS.h in Headers */,
			);
			runOnlyForDeploymentPostprocessing = 0;
		};
/* End PBXHeadersBuildPhase section */

/* Begin PBXNativeTarget section */
		4C02659E201148730011F92C /* StepUpiOS */ = {
			isa = PBXNativeTarget;
			buildConfigurationList = 4C0265B3201148730011F92C /* Build configuration list for PBXNativeTarget "StepUpiOS" */;
			buildPhases = (
				4C02659A201148730011F92C /* Sources */,
				4C02659B201148730011F92C /* Frameworks */,
				4C02659C201148730011F92C /* Headers */,
				4C02659D201148730011F92C /* Resources */,
			);
			buildRules = (
			);
			dependencies = (
			);
			name = StepUpiOS;
			productName = StepUpiOS;
			productReference = 4C02659F201148730011F92C /* StepUpiOS.framework */;
			productType = "com.apple.product-type.framework";
		};
		4C0265A7201148730011F92C /* StepUpiOSTests */ = {
			isa = PBXNativeTarget;
			buildConfigurationList = 4C0265B6201148730011F92C /* Build configuration list for PBXNativeTarget "StepUpiOSTests" */;
			buildPhases = (
				4C0265A4201148730011F92C /* Sources */,
				4C0265A5201148730011F92C /* Frameworks */,
				4C0265A6201148730011F92C /* Resources */,
			);
			buildRules = (
			);
			dependencies = (
				4C0265AB201148730011F92C /* PBXTargetDependency */,
			);
			name = StepUpiOSTests;
			productName = StepUpiOSTests;
			productReference = 4C0265A8201148730011F92C /* StepUpiOSTests.xctest */;
			productType = "com.apple.product-type.bundle.unit-test";
		};
/* End PBXNativeTarget section */

/* Begin PBXProject section */
		4C026596201148730011F92C /* Project object */ = {
			isa = PBXProject;
			attributes = {
				LastSwiftUpdateCheck = 0920;
				LastUpgradeCheck = 0920;
				ORGANIZATIONNAME = "Michael Miscampbell";
				TargetAttributes = {
					4C02659E201148730011F92C = {
						CreatedOnToolsVersion = 9.2;
						LastSwiftMigration = 0920;
						ProvisioningStyle = Automatic;
					};
					4C0265A7201148730011F92C = {
						CreatedOnToolsVersion = 9.2;
						ProvisioningStyle = Automatic;
					};
				};
			};
			buildConfigurationList = 4C026599201148730011F92C /* Build configuration list for PBXProject "StepUpiOS" */;
			compatibilityVersion = "Xcode 8.0";
			developmentRegion = en;
			hasScannedForEncodings = 0;
			knownRegions = (
				en,
			);
			mainGroup = 4C026595201148730011F92C;
			productRefGroup = 4C0265A0201148730011F92C /* Products */;
			projectDirPath = "";
			projectRoot = "";
			targets = (
				4C02659E201148730011F92C /* StepUpiOS */,
				4C0265A7201148730011F92C /* StepUpiOSTests */,
			);
		};
/* End PBXProject section */

/* Begin PBXResourcesBuildPhase section */
		4C02659D201148730011F92C /* Resources */ = {
			isa = PBXResourcesBuildPhase;
			buildActionMask = 2147483647;
			files = (
				4C7939A020118F0B00267FAE /* WorkingView.xib in Resources */,
				4C8CBBF22027A6410032C3BA /* KeyboardInputNavigationControl.xib in Resources */,
			);
			runOnlyForDeploymentPostprocessing = 0;
		};
		4C0265A6201148730011F92C /* Resources */ = {
			isa = PBXResourcesBuildPhase;
			buildActionMask = 2147483647;
			files = (
			);
			runOnlyForDeploymentPostprocessing = 0;
		};
/* End PBXResourcesBuildPhase section */

/* Begin PBXSourcesBuildPhase section */
		4C02659A201148730011F92C /* Sources */ = {
			isa = PBXSourcesBuildPhase;
			buildActionMask = 2147483647;
			files = (
				4C727EA420139F5C00F501ED /* ApiRequestProtocol.swift in Sources */,
				4C3774A7202A4B28007669FA /* EmailAddressValidation.swift in Sources */,
				4C96E43A2016903E00D95877 /* Constants.swift in Sources */,
				4C96E43820168E2000D95877 /* ImageTextField.swift in Sources */,
				4C257CEF20265ADD00AB3958 /* UIPickerViewExtension.swift in Sources */,
				4C727EAA2013BD0800F501ED /* ApiRequestOptions.swift in Sources */,
				4C7939A120118F0C00267FAE /* WorkingViewController.swift in Sources */,
				4C335B93202A7822008665A3 /* BaseValidation.swift in Sources */,
				4C257CEB2026588D00AB3958 /* HeightTextField.swift in Sources */,
				4C3774B1202A59E8007669FA /* ControlValidationProtocolExtension.swift in Sources */,
				4C257CEC2026588D00AB3958 /* PasswordTextField.swift in Sources */,
				4C3774AF202A5882007669FA /* ControlValidationProtocol.swift in Sources */,
				4C3774A2202A4751007669FA /* IsEmptyValidation.swift in Sources */,
				4C3774B5202A64C4007669FA /* FormValidationProtocolExtension.swift in Sources */,
				4C8E69882017EBF600F0214B /* UINavigationControllerExtension.swift in Sources */,
				4C0265DF20114B0F0011F92C /* ViewModel.swift in Sources */,
				4CCB734C201D434600E57AE5 /* Logger.swift in Sources */,
				4C659331202B97D4004D8AA6 /* PasswordValidation.swift in Sources */,
				4C727EB72014CA7400F501ED /* DateExtension.swift in Sources */,
				4C0265DC201149B00011F92C /* ViewModelProtocol.swift in Sources */,
				4C96E4682016AC0000D95877 /* UIColorExtension.swift in Sources */,
				4C37BE702028F59800C98EA0 /* HeightConverter.swift in Sources */,
				4C3774B3202A636C007669FA /* FormValidationProtocol.swift in Sources */,
				4C257CEA2026588D00AB3958 /* DobTextField.swift in Sources */,
				4C96E43C201690DE00D95877 /* StringExtension.swift in Sources */,
				4CA87E7420115EAC00728EC6 /* ImageButton.swift in Sources */,
				4C8CBBF02027A5B20032C3BA /* KeyboardInputNavigationControl.swift in Sources */,
				4C3774A0202A4653007669FA /* ValidationProtocol.swift in Sources */,
				4C37BE742028FAE300C98EA0 /* NSNumberExtension.swift in Sources */,
				4C659335202BA3DB004D8AA6 /* ConfirmPasswordValidation.swift in Sources */,
				4C8E69852017E40B00F0214B /* UINavigationBarExtension.swift in Sources */,
				4C727EA220139F0C00F501ED /* ApiRequest.swift in Sources */,
				4C257CF120266BB600AB3958 /* ControlValueProtocol.swift in Sources */,
				4C257CDB2026552200AB3958 /* GenderSegmentedControl.swift in Sources */,
				4CA7397320117CEF0087DC4E /* UIButtonExtension.swift in Sources */,
				4C3774AB202A4FDE007669FA /* DateOfBirthValidation.swift in Sources */,
				4C257CF32026750F00AB3958 /* HeightPicker.swift in Sources */,
			);
			runOnlyForDeploymentPostprocessing = 0;
		};
		4C0265A4201148730011F92C /* Sources */ = {
			isa = PBXSourcesBuildPhase;
			buildActionMask = 2147483647;
			files = (
				4C257CE6202657DB00AB3958 /* PasswordTextFieldTest.swift in Sources */,
				4C3774A5202A49FF007669FA /* IsEmptyValidationTest.swift in Sources */,
				4C659337202BA587004D8AA6 /* ConfirmPasswordValidationTest.swift in Sources */,
				4C257CE4202657DB00AB3958 /* HeightTextFieldTest.swift in Sources */,
				4C37BE6C2028F01B00C98EA0 /* HeightPickerTest.swift in Sources */,
				4C3774A9202A4E7A007669FA /* EmailAddressValidationTest.swift in Sources */,
				4C257CE5202657DB00AB3958 /* DobTextFieldTest.swift in Sources */,
				4C0265AE201148730011F92C /* StepUpiOSTests.swift in Sources */,
				4C96E43020167F3A00D95877 /* DateExtensionTest.swift in Sources */,
				4C37BE722028F5A100C98EA0 /* ValueConverterHelperTest.swift in Sources */,
				4C3774AD202A515C007669FA /* DateOfBirthValidationTest.swift in Sources */,
				4C257CDF2026572400AB3958 /* GenderSegmentedControlTest.swift in Sources */,
			);
			runOnlyForDeploymentPostprocessing = 0;
		};
/* End PBXSourcesBuildPhase section */

/* Begin PBXTargetDependency section */
		4C0265AB201148730011F92C /* PBXTargetDependency */ = {
			isa = PBXTargetDependency;
			target = 4C02659E201148730011F92C /* StepUpiOS */;
			targetProxy = 4C0265AA201148730011F92C /* PBXContainerItemProxy */;
		};
/* End PBXTargetDependency section */

/* Begin XCBuildConfiguration section */
		4C0265B1201148730011F92C /* Debug */ = {
			isa = XCBuildConfiguration;
			buildSettings = {
				ALWAYS_SEARCH_USER_PATHS = NO;
				CLANG_ANALYZER_NONNULL = YES;
				CLANG_ANALYZER_NUMBER_OBJECT_CONVERSION = YES_AGGRESSIVE;
				CLANG_CXX_LANGUAGE_STANDARD = "gnu++14";
				CLANG_CXX_LIBRARY = "libc++";
				CLANG_ENABLE_MODULES = YES;
				CLANG_ENABLE_OBJC_ARC = YES;
				CLANG_WARN_BLOCK_CAPTURE_AUTORELEASING = YES;
				CLANG_WARN_BOOL_CONVERSION = YES;
				CLANG_WARN_COMMA = YES;
				CLANG_WARN_CONSTANT_CONVERSION = YES;
				CLANG_WARN_DIRECT_OBJC_ISA_USAGE = YES_ERROR;
				CLANG_WARN_DOCUMENTATION_COMMENTS = YES;
				CLANG_WARN_EMPTY_BODY = YES;
				CLANG_WARN_ENUM_CONVERSION = YES;
				CLANG_WARN_INFINITE_RECURSION = YES;
				CLANG_WARN_INT_CONVERSION = YES;
				CLANG_WARN_NON_LITERAL_NULL_CONVERSION = YES;
				CLANG_WARN_OBJC_LITERAL_CONVERSION = YES;
				CLANG_WARN_OBJC_ROOT_CLASS = YES_ERROR;
				CLANG_WARN_RANGE_LOOP_ANALYSIS = YES;
				CLANG_WARN_STRICT_PROTOTYPES = YES;
				CLANG_WARN_SUSPICIOUS_MOVE = YES;
				CLANG_WARN_UNGUARDED_AVAILABILITY = YES_AGGRESSIVE;
				CLANG_WARN_UNREACHABLE_CODE = YES;
				CLANG_WARN__DUPLICATE_METHOD_MATCH = YES;
				CODE_SIGN_IDENTITY = "iPhone Developer";
				COPY_PHASE_STRIP = NO;
				CURRENT_PROJECT_VERSION = 1;
				DEBUG_INFORMATION_FORMAT = dwarf;
				ENABLE_STRICT_OBJC_MSGSEND = YES;
				ENABLE_TESTABILITY = YES;
				GCC_C_LANGUAGE_STANDARD = gnu11;
				GCC_DYNAMIC_NO_PIC = NO;
				GCC_NO_COMMON_BLOCKS = YES;
				GCC_OPTIMIZATION_LEVEL = 0;
				GCC_PREPROCESSOR_DEFINITIONS = (
					"DEBUG=1",
					"$(inherited)",
				);
				GCC_WARN_64_TO_32_BIT_CONVERSION = YES;
				GCC_WARN_ABOUT_RETURN_TYPE = YES_ERROR;
				GCC_WARN_UNDECLARED_SELECTOR = YES;
				GCC_WARN_UNINITIALIZED_AUTOS = YES_AGGRESSIVE;
				GCC_WARN_UNUSED_FUNCTION = YES;
				GCC_WARN_UNUSED_VARIABLE = YES;
				IPHONEOS_DEPLOYMENT_TARGET = 11.2;
				MTL_ENABLE_DEBUG_INFO = YES;
				ONLY_ACTIVE_ARCH = YES;
				SDKROOT = iphoneos;
				SWIFT_ACTIVE_COMPILATION_CONDITIONS = DEBUG;
				SWIFT_OPTIMIZATION_LEVEL = "-Onone";
				VERSIONING_SYSTEM = "apple-generic";
				VERSION_INFO_PREFIX = "";
			};
			name = Debug;
		};
		4C0265B2201148730011F92C /* Release */ = {
			isa = XCBuildConfiguration;
			buildSettings = {
				ALWAYS_SEARCH_USER_PATHS = NO;
				CLANG_ANALYZER_NONNULL = YES;
				CLANG_ANALYZER_NUMBER_OBJECT_CONVERSION = YES_AGGRESSIVE;
				CLANG_CXX_LANGUAGE_STANDARD = "gnu++14";
				CLANG_CXX_LIBRARY = "libc++";
				CLANG_ENABLE_MODULES = YES;
				CLANG_ENABLE_OBJC_ARC = YES;
				CLANG_WARN_BLOCK_CAPTURE_AUTORELEASING = YES;
				CLANG_WARN_BOOL_CONVERSION = YES;
				CLANG_WARN_COMMA = YES;
				CLANG_WARN_CONSTANT_CONVERSION = YES;
				CLANG_WARN_DIRECT_OBJC_ISA_USAGE = YES_ERROR;
				CLANG_WARN_DOCUMENTATION_COMMENTS = YES;
				CLANG_WARN_EMPTY_BODY = YES;
				CLANG_WARN_ENUM_CONVERSION = YES;
				CLANG_WARN_INFINITE_RECURSION = YES;
				CLANG_WARN_INT_CONVERSION = YES;
				CLANG_WARN_NON_LITERAL_NULL_CONVERSION = YES;
				CLANG_WARN_OBJC_LITERAL_CONVERSION = YES;
				CLANG_WARN_OBJC_ROOT_CLASS = YES_ERROR;
				CLANG_WARN_RANGE_LOOP_ANALYSIS = YES;
				CLANG_WARN_STRICT_PROTOTYPES = YES;
				CLANG_WARN_SUSPICIOUS_MOVE = YES;
				CLANG_WARN_UNGUARDED_AVAILABILITY = YES_AGGRESSIVE;
				CLANG_WARN_UNREACHABLE_CODE = YES;
				CLANG_WARN__DUPLICATE_METHOD_MATCH = YES;
				CODE_SIGN_IDENTITY = "iPhone Developer";
				COPY_PHASE_STRIP = NO;
				CURRENT_PROJECT_VERSION = 1;
				DEBUG_INFORMATION_FORMAT = "dwarf-with-dsym";
				ENABLE_NS_ASSERTIONS = NO;
				ENABLE_STRICT_OBJC_MSGSEND = YES;
				GCC_C_LANGUAGE_STANDARD = gnu11;
				GCC_NO_COMMON_BLOCKS = YES;
				GCC_WARN_64_TO_32_BIT_CONVERSION = YES;
				GCC_WARN_ABOUT_RETURN_TYPE = YES_ERROR;
				GCC_WARN_UNDECLARED_SELECTOR = YES;
				GCC_WARN_UNINITIALIZED_AUTOS = YES_AGGRESSIVE;
				GCC_WARN_UNUSED_FUNCTION = YES;
				GCC_WARN_UNUSED_VARIABLE = YES;
				IPHONEOS_DEPLOYMENT_TARGET = 11.2;
				MTL_ENABLE_DEBUG_INFO = NO;
				SDKROOT = iphoneos;
				SWIFT_OPTIMIZATION_LEVEL = "-Owholemodule";
				VALIDATE_PRODUCT = YES;
				VERSIONING_SYSTEM = "apple-generic";
				VERSION_INFO_PREFIX = "";
			};
			name = Release;
		};
		4C0265B4201148730011F92C /* Debug */ = {
			isa = XCBuildConfiguration;
			buildSettings = {
				CLANG_ENABLE_MODULES = YES;
				CODE_SIGN_IDENTITY = "";
				CODE_SIGN_STYLE = Automatic;
				DEFINES_MODULE = YES;
				DEVELOPMENT_TEAM = UBTC39PQT9;
				DYLIB_COMPATIBILITY_VERSION = 1;
				DYLIB_CURRENT_VERSION = 1;
				DYLIB_INSTALL_NAME_BASE = "@rpath";
				INFOPLIST_FILE = StepUpiOS/Info.plist;
				INSTALL_PATH = "$(LOCAL_LIBRARY_DIR)/Frameworks";
				IPHONEOS_DEPLOYMENT_TARGET = 9.0;
				LD_RUNPATH_SEARCH_PATHS = "$(inherited) @executable_path/Frameworks @loader_path/Frameworks";
				PRODUCT_BUNDLE_IDENTIFIER = com.stepupios.StepUpiOS;
				PRODUCT_NAME = "$(TARGET_NAME:c99extidentifier)";
				SKIP_INSTALL = YES;
				SWIFT_OPTIMIZATION_LEVEL = "-Onone";
				SWIFT_VERSION = 4.0;
				TARGETED_DEVICE_FAMILY = "1,2";
			};
			name = Debug;
		};
		4C0265B5201148730011F92C /* Release */ = {
			isa = XCBuildConfiguration;
			buildSettings = {
				CLANG_ENABLE_MODULES = YES;
				CODE_SIGN_IDENTITY = "";
				CODE_SIGN_STYLE = Automatic;
				DEFINES_MODULE = YES;
				DEVELOPMENT_TEAM = UBTC39PQT9;
				DYLIB_COMPATIBILITY_VERSION = 1;
				DYLIB_CURRENT_VERSION = 1;
				DYLIB_INSTALL_NAME_BASE = "@rpath";
				INFOPLIST_FILE = StepUpiOS/Info.plist;
				INSTALL_PATH = "$(LOCAL_LIBRARY_DIR)/Frameworks";
				IPHONEOS_DEPLOYMENT_TARGET = 9.0;
				LD_RUNPATH_SEARCH_PATHS = "$(inherited) @executable_path/Frameworks @loader_path/Frameworks";
				PRODUCT_BUNDLE_IDENTIFIER = com.stepupios.StepUpiOS;
				PRODUCT_NAME = "$(TARGET_NAME:c99extidentifier)";
				SKIP_INSTALL = YES;
				SWIFT_VERSION = 4.0;
				TARGETED_DEVICE_FAMILY = "1,2";
			};
			name = Release;
		};
		4C0265B7201148730011F92C /* Debug */ = {
			isa = XCBuildConfiguration;
			buildSettings = {
				ALWAYS_EMBED_SWIFT_STANDARD_LIBRARIES = YES;
				CODE_SIGN_STYLE = Automatic;
				DEVELOPMENT_TEAM = UBTC39PQT9;
				INFOPLIST_FILE = StepUpiOSTests/Info.plist;
				LD_RUNPATH_SEARCH_PATHS = "$(inherited) @executable_path/Frameworks @loader_path/Frameworks";
				PRODUCT_BUNDLE_IDENTIFIER = com.stepupios.StepUpiOSTests;
				PRODUCT_NAME = "$(TARGET_NAME)";
				SWIFT_VERSION = 4.0;
				TARGETED_DEVICE_FAMILY = "1,2";
			};
			name = Debug;
		};
		4C0265B8201148730011F92C /* Release */ = {
			isa = XCBuildConfiguration;
			buildSettings = {
				ALWAYS_EMBED_SWIFT_STANDARD_LIBRARIES = YES;
				CODE_SIGN_STYLE = Automatic;
				DEVELOPMENT_TEAM = UBTC39PQT9;
				INFOPLIST_FILE = StepUpiOSTests/Info.plist;
				LD_RUNPATH_SEARCH_PATHS = "$(inherited) @executable_path/Frameworks @loader_path/Frameworks";
				PRODUCT_BUNDLE_IDENTIFIER = com.stepupios.StepUpiOSTests;
				PRODUCT_NAME = "$(TARGET_NAME)";
				SWIFT_VERSION = 4.0;
				TARGETED_DEVICE_FAMILY = "1,2";
			};
			name = Release;
		};
/* End XCBuildConfiguration section */

/* Begin XCConfigurationList section */
		4C026599201148730011F92C /* Build configuration list for PBXProject "StepUpiOS" */ = {
			isa = XCConfigurationList;
			buildConfigurations = (
				4C0265B1201148730011F92C /* Debug */,
				4C0265B2201148730011F92C /* Release */,
			);
			defaultConfigurationIsVisible = 0;
			defaultConfigurationName = Release;
		};
		4C0265B3201148730011F92C /* Build configuration list for PBXNativeTarget "StepUpiOS" */ = {
			isa = XCConfigurationList;
			buildConfigurations = (
				4C0265B4201148730011F92C /* Debug */,
				4C0265B5201148730011F92C /* Release */,
			);
			defaultConfigurationIsVisible = 0;
			defaultConfigurationName = Release;
		};
		4C0265B6201148730011F92C /* Build configuration list for PBXNativeTarget "StepUpiOSTests" */ = {
			isa = XCConfigurationList;
			buildConfigurations = (
				4C0265B7201148730011F92C /* Debug */,
				4C0265B8201148730011F92C /* Release */,
			);
			defaultConfigurationIsVisible = 0;
			defaultConfigurationName = Release;
		};
/* End XCConfigurationList section */
	};
	rootObject = 4C026596201148730011F92C /* Project object */;
}
